
Microsoft Visual Studio Solution File, Format Version 12.00
# Visual Studio Version 17
VisualStudioVersion = 17.5.33530.505
MinimumVisualStudioVersion = 10.0.40219.1
Project("{FAE04EC0-301F-11D3-BF4B-00C04F79EFBC}") = "Smart Application", "Smart Application.csproj", "{7512E5C2-7DC6-4C3B-8FDF-EB6004AD05DE}"
EndProject
Global
	GlobalSection(SolutionConfigurationPlatforms) = preSolution
		Debug|Any CPU = Debug|Any CPU
		Release|Any CPU = Release|Any CPU
	EndGlobalSection
	GlobalSection(ProjectConfigurationPlatforms) = postSolution
		{7512E5C2-7DC6-4C3B-8FDF-EB6004AD05DE}.Debug|Any CPU.ActiveCfg = Debug|Any CPU
		{7512E5C2-7DC6-4C3B-8FDF-EB6004AD05DE}.Debug|Any CPU.Build.0 = Debug|Any CPU
		{7512E5C2-7DC6-4C3B-8FDF-EB6004AD05DE}.Release|Any CPU.ActiveCfg = Release|Any CPU
		{7512E5C2-7DC6-4C3B-8FDF-EB6004AD05DE}.Release|Any CPU.Build.0 = Release|Any CPU
	EndGlobalSection
	GlobalSection(SolutionProperties) = preSolution
		HideSolutionNode = FALSE
	EndGlobalSection
	GlobalSection(ExtensibilityGlobals) = postSolution
		SolutionGuid = {9C1ACB92-44F9-4D86-A518-CD236A40F057}
	EndGlobalSection
EndGlobal
